
Microsoft Visual Studio Solution File, Format Version 12.00
# Visual Studio Version 16
VisualStudioVersion = 16.0.30011.22
MinimumVisualStudioVersion = 10.0.40219.1
Project("{FAE04EC0-301F-11D3-BF4B-00C04F79EFBC}") = "Lab1", "ComputerGraphicsLabs\Lab1.csproj", "{0A9D1E9F-6EEF-41E8-87E3-5BE4F8488BB8}"
EndProject
Project("{FAE04EC0-301F-11D3-BF4B-00C04F79EFBC}") = "CGLabPlatform", "CGLabPlatform\CGLabPlatform.csproj", "{ADE0E2B1-21A6-4FC1-BDDE-2611D3A214D2}"
EndProject
Project("{FAE04EC0-301F-11D3-BF4B-00C04F79EFBC}") = "Lab2", "Lab2\Lab2.csproj", "{D5B6B762-7FF8-4C72-A82D-A43DC0F39430}"
EndProject
Project("{FAE04EC0-301F-11D3-BF4B-00C04F79EFBC}") = "CGLabExtensions", "CGLabExtensions\CGLabExtensions.csproj", "{B8BA8102-14B3-4FA2-8183-A892B8B0FFDF}"
EndProject
Project("{FAE04EC0-301F-11D3-BF4B-00C04F79EFBC}") = "Lab3", "Lab3\Lab3\Lab3.csproj", "{B978C25F-C41F-4686-BF4D-15720B7CCA89}"
EndProject
Project("{FAE04EC0-301F-11D3-BF4B-00C04F79EFBC}") = "Lab4", "Lab4\Lab4.csproj", "{046A7869-FC1D-4F10-8DFE-938F9D74A941}"
EndProject
Project("{FAE04EC0-301F-11D3-BF4B-00C04F79EFBC}") = "Lab5", "Lab5\Lab5.csproj", "{6BC90F8A-44F6-4E39-B65E-83D06466EE6B}"
EndProject
Project("{FAE04EC0-301F-11D3-BF4B-00C04F79EFBC}") = "Lab6", "Lab6\Lab6.csproj", "{69139B74-86FA-40F4-A29A-ED9D68DEB8B7}"
EndProject
Project("{FAE04EC0-301F-11D3-BF4B-00C04F79EFBC}") = "Lab7", "Lab7\Lab7.csproj", "{D634A58E-7538-47B3-BD23-97CC6E93B728}"
EndProject
Project("{FAE04EC0-301F-11D3-BF4B-00C04F79EFBC}") = "CourseWork", "CourseWork\CourseWork.csproj", "{2FCC48C2-D06A-4C9A-AB86-871B17C51BDD}"
EndProject
Global
	GlobalSection(SolutionConfigurationPlatforms) = preSolution
		Debug|Any CPU = Debug|Any CPU
		Release|Any CPU = Release|Any CPU
	EndGlobalSection
	GlobalSection(ProjectConfigurationPlatforms) = postSolution
		{0A9D1E9F-6EEF-41E8-87E3-5BE4F8488BB8}.Debug|Any CPU.ActiveCfg = Debug|Any CPU
		{0A9D1E9F-6EEF-41E8-87E3-5BE4F8488BB8}.Debug|Any CPU.Build.0 = Debug|Any CPU
		{0A9D1E9F-6EEF-41E8-87E3-5BE4F8488BB8}.Release|Any CPU.ActiveCfg = Release|Any CPU
		{0A9D1E9F-6EEF-41E8-87E3-5BE4F8488BB8}.Release|Any CPU.Build.0 = Release|Any CPU
		{ADE0E2B1-21A6-4FC1-BDDE-2611D3A214D2}.Debug|Any CPU.ActiveCfg = Debug|Any CPU
		{ADE0E2B1-21A6-4FC1-BDDE-2611D3A214D2}.Debug|Any CPU.Build.0 = Debug|Any CPU
		{ADE0E2B1-21A6-4FC1-BDDE-2611D3A214D2}.Release|Any CPU.ActiveCfg = Release|Any CPU
		{ADE0E2B1-21A6-4FC1-BDDE-2611D3A214D2}.Release|Any CPU.Build.0 = Release|Any CPU
		{D5B6B762-7FF8-4C72-A82D-A43DC0F39430}.Debug|Any CPU.ActiveCfg = Debug|Any CPU
		{D5B6B762-7FF8-4C72-A82D-A43DC0F39430}.Debug|Any CPU.Build.0 = Debug|Any CPU
		{D5B6B762-7FF8-4C72-A82D-A43DC0F39430}.Release|Any CPU.ActiveCfg = Release|Any CPU
		{D5B6B762-7FF8-4C72-A82D-A43DC0F39430}.Release|Any CPU.Build.0 = Release|Any CPU
		{B8BA8102-14B3-4FA2-8183-A892B8B0FFDF}.Debug|Any CPU.ActiveCfg = Debug|Any CPU
		{B8BA8102-14B3-4FA2-8183-A892B8B0FFDF}.Debug|Any CPU.Build.0 = Debug|Any CPU
		{B8BA8102-14B3-4FA2-8183-A892B8B0FFDF}.Release|Any CPU.ActiveCfg = Release|Any CPU
		{B8BA8102-14B3-4FA2-8183-A892B8B0FFDF}.Release|Any CPU.Build.0 = Release|Any CPU
		{B978C25F-C41F-4686-BF4D-15720B7CCA89}.Debug|Any CPU.ActiveCfg = Debug|Any CPU
		{B978C25F-C41F-4686-BF4D-15720B7CCA89}.Debug|Any CPU.Build.0 = Debug|Any CPU
		{B978C25F-C41F-4686-BF4D-15720B7CCA89}.Release|Any CPU.ActiveCfg = Release|Any CPU
		{B978C25F-C41F-4686-BF4D-15720B7CCA89}.Release|Any CPU.Build.0 = Release|Any CPU
		{046A7869-FC1D-4F10-8DFE-938F9D74A941}.Debug|Any CPU.ActiveCfg = Debug|Any CPU
		{046A7869-FC1D-4F10-8DFE-938F9D74A941}.Debug|Any CPU.Build.0 = Debug|Any CPU
		{046A7869-FC1D-4F10-8DFE-938F9D74A941}.Release|Any CPU.ActiveCfg = Release|Any CPU
		{046A7869-FC1D-4F10-8DFE-938F9D74A941}.Release|Any CPU.Build.0 = Release|Any CPU
		{6BC90F8A-44F6-4E39-B65E-83D06466EE6B}.Debug|Any CPU.ActiveCfg = Debug|Any CPU
		{6BC90F8A-44F6-4E39-B65E-83D06466EE6B}.Debug|Any CPU.Build.0 = Debug|Any CPU
		{6BC90F8A-44F6-4E39-B65E-83D06466EE6B}.Release|Any CPU.ActiveCfg = Release|Any CPU
		{6BC90F8A-44F6-4E39-B65E-83D06466EE6B}.Release|Any CPU.Build.0 = Release|Any CPU
		{69139B74-86FA-40F4-A29A-ED9D68DEB8B7}.Debug|Any CPU.ActiveCfg = Debug|Any CPU
		{69139B74-86FA-40F4-A29A-ED9D68DEB8B7}.Debug|Any CPU.Build.0 = Debug|Any CPU
		{69139B74-86FA-40F4-A29A-ED9D68DEB8B7}.Release|Any CPU.ActiveCfg = Release|Any CPU
		{69139B74-86FA-40F4-A29A-ED9D68DEB8B7}.Release|Any CPU.Build.0 = Release|Any CPU
		{D634A58E-7538-47B3-BD23-97CC6E93B728}.Debug|Any CPU.ActiveCfg = Debug|Any CPU
		{D634A58E-7538-47B3-BD23-97CC6E93B728}.Debug|Any CPU.Build.0 = Debug|Any CPU
		{D634A58E-7538-47B3-BD23-97CC6E93B728}.Release|Any CPU.ActiveCfg = Release|Any CPU
		{D634A58E-7538-47B3-BD23-97CC6E93B728}.Release|Any CPU.Build.0 = Release|Any CPU
		{2FCC48C2-D06A-4C9A-AB86-871B17C51BDD}.Debug|Any CPU.ActiveCfg = Debug|Any CPU
		{2FCC48C2-D06A-4C9A-AB86-871B17C51BDD}.Debug|Any CPU.Build.0 = Debug|Any CPU
		{2FCC48C2-D06A-4C9A-AB86-871B17C51BDD}.Release|Any CPU.ActiveCfg = Release|Any CPU
		{2FCC48C2-D06A-4C9A-AB86-871B17C51BDD}.Release|Any CPU.Build.0 = Release|Any CPU
	EndGlobalSection
	GlobalSection(SolutionProperties) = preSolution
		HideSolutionNode = FALSE
	EndGlobalSection
	GlobalSection(ExtensibilityGlobals) = postSolution
		SolutionGuid = {98871F7D-9D83-4D9C-B02C-01EF5DCE9DA6}
	EndGlobalSection
EndGlobal
